// !$*UTF8*$!
{
	archiveVersion = 1;
	classes = {
	};
	objectVersion = 77;
	objects = {

/* Begin PBXContainerItemProxy section */
		393627712CD8561500E1BAAA /* PBXContainerItemProxy */ = {
			isa = PBXContainerItemProxy;
			containerPortal = 393627522CD8561000E1BAAA /* Project object */;
			proxyType = 1;
			remoteGlobalIDString = 393627592CD8561000E1BAAA;
			remoteInfo = ToDoList;
		};
		3936277B2CD8561500E1BAAA /* PBXContainerItemProxy */ = {
			isa = PBXContainerItemProxy;
			containerPortal = 393627522CD8561000E1BAAA /* Project object */;
			proxyType = 1;
			remoteGlobalIDString = 393627592CD8561000E1BAAA;
			remoteInfo = ToDoList;
		};
/* End PBXContainerItemProxy section */

/* Begin PBXFileReference section */
		3936275A2CD8561000E1BAAA /* ToDoList.app */ = {isa = PBXFileReference; explicitFileType = wrapper.application; includeInIndex = 0; path = ToDoList.app; sourceTree = BUILT_PRODUCTS_DIR; };
		393627702CD8561500E1BAAA /* ToDoListTests.xctest */ = {isa = PBXFileReference; explicitFileType = wrapper.cfbundle; includeInIndex = 0; path = ToDoListTests.xctest; sourceTree = BUILT_PRODUCTS_DIR; };
		3936277A2CD8561500E1BAAA /* ToDoListUITests.xctest */ = {isa = PBXFileReference; explicitFileType = wrapper.cfbundle; includeInIndex = 0; path = ToDoListUITests.xctest; sourceTree = BUILT_PRODUCTS_DIR; };
/* End PBXFileReference section */

/* Begin PBXFileSystemSynchronizedBuildFileExceptionSet section */
		393627822CD8561500E1BAAA /* Exceptions for "ToDoList" folder in "ToDoList" target */ = {
			isa = PBXFileSystemSynchronizedBuildFileExceptionSet;
			membershipExceptions = (
				Info.plist,
			);
			target = 393627592CD8561000E1BAAA /* ToDoList */;
		};
/* End PBXFileSystemSynchronizedBuildFileExceptionSet section */

/* Begin PBXFileSystemSynchronizedRootGroup section */
		3936275C2CD8561000E1BAAA /* ToDoList */ = {
			isa = PBXFileSystemSynchronizedRootGroup;
			exceptions = (
				393627822CD8561500E1BAAA /* Exceptions for "ToDoList" folder in "ToDoList" target */,
			);
			path = ToDoList;
			sourceTree = "<group>";
		};
		393627732CD8561500E1BAAA /* ToDoListTests */ = {
			isa = PBXFileSystemSynchronizedRootGroup;
			path = ToDoListTests;
			sourceTree = "<group>";
		};
		3936277D2CD8561500E1BAAA /* ToDoListUITests */ = {
			isa = PBXFileSystemSynchronizedRootGroup;
			path = ToDoListUITests;
			sourceTree = "<group>";
		};
/* End PBXFileSystemSynchronizedRootGroup section */

/* Begin PBXFrameworksBuildPhase section */
		393627572CD8561000E1BAAA /* Frameworks */ = {
			isa = PBXFrameworksBuildPhase;
			buildActionMask = 2147483647;
			files = (
			);
			runOnlyForDeploymentPostprocessing = 0;
		};
		3936276D2CD8561500E1BAAA /* Frameworks */ = {
			isa = PBXFrameworksBuildPhase;
			buildActionMask = 2147483647;
			files = (
			);
			runOnlyForDeploymentPostprocessing = 0;
		};
		393627772CD8561500E1BAAA /* Frameworks */ = {
			isa = PBXFrameworksBuildPhase;
			buildActionMask = 2147483647;
			files = (
			);
			runOnlyForDeploymentPostprocessing = 0;
		};
/* End PBXFrameworksBuildPhase section */

/* Begin PBXGroup section */
		393627512CD8561000E1BAAA = {
			isa = PBXGroup;
			children = (
				3936275C2CD8561000E1BAAA /* ToDoList */,
				393627732CD8561500E1BAAA /* ToDoListTests */,
				3936277D2CD8561500E1BAAA /* ToDoListUITests */,
				3936275B2CD8561000E1BAAA /* Products */,
			);
			sourceTree = "<group>";
		};
		3936275B2CD8561000E1BAAA /* Products */ = {
			isa = PBXGroup;
			children = (
				3936275A2CD8561000E1BAAA /* ToDoList.app */,
				393627702CD8561500E1BAAA /* ToDoListTests.xctest */,
				3936277A2CD8561500E1BAAA /* ToDoListUITests.xctest */,
			);
			name = Products;
			sourceTree = "<group>";
		};
/* End PBXGroup section */

/* Begin PBXNativeTarget section */
		393627592CD8561000E1BAAA /* ToDoList */ = {
			isa = PBXNativeTarget;
			buildConfigurationList = 393627832CD8561500E1BAAA /* Build configuration list for PBXNativeTarget "ToDoList" */;
			buildPhases = (
				393627562CD8561000E1BAAA /* Sources */,
				393627572CD8561000E1BAAA /* Frameworks */,
				393627582CD8561000E1BAAA /* Resources */,
			);
			buildRules = (
			);
			dependencies = (
			);
			fileSystemSynchronizedGroups = (
				3936275C2CD8561000E1BAAA /* ToDoList */,
			);
			name = ToDoList;
			packageProductDependencies = (
			);
			productName = ToDoList;
			productReference = 3936275A2CD8561000E1BAAA /* ToDoList.app */;
			productType = "com.apple.product-type.application";
		};
		3936276F2CD8561500E1BAAA /* ToDoListTests */ = {
			isa = PBXNativeTarget;
			buildConfigurationList = 393627882CD8561500E1BAAA /* Build configuration list for PBXNativeTarget "ToDoListTests" */;
			buildPhases = (
				3936276C2CD8561500E1BAAA /* Sources */,
				3936276D2CD8561500E1BAAA /* Frameworks */,
				3936276E2CD8561500E1BAAA /* Resources */,
			);
			buildRules = (
			);
			dependencies = (
				393627722CD8561500E1BAAA /* PBXTargetDependency */,
			);
			fileSystemSynchronizedGroups = (
				393627732CD8561500E1BAAA /* ToDoListTests */,
			);
			name = ToDoListTests;
			packageProductDependencies = (
			);
			productName = ToDoListTests;
			productReference = 393627702CD8561500E1BAAA /* ToDoListTests.xctest */;
			productType = "com.apple.product-type.bundle.unit-test";
		};
		393627792CD8561500E1BAAA /* ToDoListUITests */ = {
			isa = PBXNativeTarget;
			buildConfigurationList = 3936278B2CD8561500E1BAAA /* Build configuration list for PBXNativeTarget "ToDoListUITests" */;
			buildPhases = (
				393627762CD8561500E1BAAA /* Sources */,
				393627772CD8561500E1BAAA /* Frameworks */,
				393627782CD8561500E1BAAA /* Resources */,
			);
			buildRules = (
			);
			dependencies = (
				3936277C2CD8561500E1BAAA /* PBXTargetDependency */,
			);
			fileSystemSynchronizedGroups = (
				3936277D2CD8561500E1BAAA /* ToDoListUITests */,
			);
			name = ToDoListUITests;
			packageProductDependencies = (
			);
			productName = ToDoListUITests;
			productReference = 3936277A2CD8561500E1BAAA /* ToDoListUITests.xctest */;
			productType = "com.apple.product-type.bundle.ui-testing";
		};
/* End PBXNativeTarget section */

/* Begin PBXProject section */
		393627522CD8561000E1BAAA /* Project object */ = {
			isa = PBXProject;
			attributes = {
				BuildIndependentTargetsInParallel = 1;
				LastSwiftUpdateCheck = 1610;
				LastUpgradeCheck = 1610;
				TargetAttributes = {
					393627592CD8561000E1BAAA = {
						CreatedOnToolsVersion = 16.1;
					};
					3936276F2CD8561500E1BAAA = {
						CreatedOnToolsVersion = 16.1;
						TestTargetID = 393627592CD8561000E1BAAA;
					};
					393627792CD8561500E1BAAA = {
						CreatedOnToolsVersion = 16.1;
						TestTargetID = 393627592CD8561000E1BAAA;
					};
				};
			};
			buildConfigurationList = 393627552CD8561000E1BAAA /* Build configuration list for PBXProject "ToDoList" */;
			developmentRegion = en;
			hasScannedForEncodings = 0;
			knownRegions = (
				en,
				Base,
			);
			mainGroup = 393627512CD8561000E1BAAA;
			minimizedProjectReferenceProxies = 1;
			preferredProjectObjectVersion = 77;
			productRefGroup = 3936275B2CD8561000E1BAAA /* Products */;
			projectDirPath = "";
			projectRoot = "";
			targets = (
				393627592CD8561000E1BAAA /* ToDoList */,
				3936276F2CD8561500E1BAAA /* ToDoListTests */,
				393627792CD8561500E1BAAA /* ToDoListUITests */,
			);
		};
/* End PBXProject section */

/* Begin PBXResourcesBuildPhase section */
		393627582CD8561000E1BAAA /* Resources */ = {
			isa = PBXResourcesBuildPhase;
			buildActionMask = 2147483647;
			files = (
			);
			runOnlyForDeploymentPostprocessing = 0;
		};
		3936276E2CD8561500E1BAAA /* Resources */ = {
			isa = PBXResourcesBuildPhase;
			buildActionMask = 2147483647;
			files = (
			);
			runOnlyForDeploymentPostprocessing = 0;
		};
		393627782CD8561500E1BAAA /* Resources */ = {
			isa = PBXResourcesBuildPhase;
			buildActionMask = 2147483647;
			files = (
			);
			runOnlyForDeploymentPostprocessing = 0;
		};
/* End PBXResourcesBuildPhase section */

/* Begin PBXSourcesBuildPhase section */
		393627562CD8561000E1BAAA /* Sources */ = {
			isa = PBXSourcesBuildPhase;
			buildActionMask = 2147483647;
			files = (
			);
			runOnlyForDeploymentPostprocessing = 0;
		};
		3936276C2CD8561500E1BAAA /* Sources */ = {
			isa = PBXSourcesBuildPhase;
			buildActionMask = 2147483647;
			files = (
			);
			runOnlyForDeploymentPostprocessing = 0;
		};
		393627762CD8561500E1BAAA /* Sources */ = {
			isa = PBXSourcesBuildPhase;
			buildActionMask = 2147483647;
			files = (
			);
			runOnlyForDeploymentPostprocessing = 0;
		};
/* End PBXSourcesBuildPhase section */

/* Begin PBXTargetDependency section */
		393627722CD8561500E1BAAA /* PBXTargetDependency */ = {
			isa = PBXTargetDependency;
			target = 393627592CD8561000E1BAAA /* ToDoList */;
			targetProxy = 393627712CD8561500E1BAAA /* PBXContainerItemProxy */;
		};
		3936277C2CD8561500E1BAAA /* PBXTargetDependency */ = {
			isa = PBXTargetDependency;
			target = 393627592CD8561000E1BAAA /* ToDoList */;
			targetProxy = 3936277B2CD8561500E1BAAA /* PBXContainerItemProxy */;
		};
/* End PBXTargetDependency section */

/* Begin XCBuildConfiguration section */
		393627842CD8561500E1BAAA /* Debug */ = {
			isa = XCBuildConfiguration;
			buildSettings = {
				ASSETCATALOG_COMPILER_APPICON_NAME = AppIcon;
				ASSETCATALOG_COMPILER_GLOBAL_ACCENT_COLOR_NAME = AccentColor;
				CODE_SIGN_STYLE = Automatic;
				CURRENT_PROJECT_VERSION = 1;
				DEVELOPMENT_TEAM = QW23CNK23H;
				GENERATE_INFOPLIST_FILE = YES;
				INFOPLIST_FILE = ToDoList/Info.plist;
				INFOPLIST_KEY_UIApplicationSupportsIndirectInputEvents = YES;
				INFOPLIST_KEY_UILaunchStoryboardName = LaunchScreen;
				INFOPLIST_KEY_UIMainStoryboardFile = Main;
				INFOPLIST_KEY_UISupportedInterfaceOrientations_iPad = "UIInterfaceOrientationPortrait UIInterfaceOrientationPortraitUpsideDown UIInterfaceOrientationLandscapeLeft UIInterfaceOrientationLandscapeRight";
				INFOPLIST_KEY_UISupportedInterfaceOrientations_iPhone = "UIInterfaceOrientationPortrait UIInterfaceOrientationLandscapeLeft UIInterfaceOrientationLandscapeRight";
				IPHONEOS_DEPLOYMENT_TARGET = 17.6;
				LD_RUNPATH_SEARCH_PATHS = (
					"$(inherited)",
					"@executable_path/Frameworks",
				);
				MARKETING_VERSION = 1.0;
				PRODUCT_BUNDLE_IDENTIFIER = joshik.ToDoList;
				PRODUCT_NAME = "$(TARGET_NAME)";
				SWIFT_EMIT_LOC_STRINGS = YES;
				SWIFT_VERSION = 5.0;
				TARGETED_DEVICE_FAMILY = "1,2";
			};
			name = Debug;
		};
		393627852CD8561500E1BAAA /* Release */ = {
			isa = XCBuildConfiguration;
			buildSettings = {
				ASSETCATALOG_COMPILER_APPICON_NAME = AppIcon;
				ASSETCATALOG_COMPILER_GLOBAL_ACCENT_COLOR_NAME = AccentColor;
				CODE_SIGN_STYLE = Automatic;
				CURRENT_PROJECT_VERSION = 1;
				DEVELOPMENT_TEAM = QW23CNK23H;
				GENERATE_INFOPLIST_FILE = YES;
				INFOPLIST_FILE = ToDoList/Info.plist;
				INFOPLIST_KEY_UIApplicationSupportsIndirectInputEvents = YES;
				INFOPLIST_KEY_UILaunchStoryboardName = LaunchScreen;
				INFOPLIST_KEY_UIMainStoryboardFile = Main;
				INFOPLIST_KEY_UISupportedInterfaceOrientations_iPad = "UIInterfaceOrientationPortrait UIInterfaceOrientationPortraitUpsideDown UIInterfaceOrientationLandscapeLeft UIInterfaceOrientationLandscapeRight";
				INFOPLIST_KEY_UISupportedInterfaceOrientations_iPhone = "UIInterfaceOrientationPortrait UIInterfaceOrientationLandscapeLeft UIInterfaceOrientationLandscapeRight";
				IPHONEOS_DEPLOYMENT_TARGET = 17.6;
				LD_RUNPATH_SEARCH_PATHS = (
					"$(inherited)",
					"@executable_path/Frameworks",
				);
				MARKETING_VERSION = 1.0;
				PRODUCT_BUNDLE_IDENTIFIER = joshik.ToDoList;
				PRODUCT_NAME = "$(TARGET_NAME)";
				SWIFT_EMIT_LOC_STRINGS = YES;
				SWIFT_VERSION = 5.0;
				TARGETED_DEVICE_FAMILY = "1,2";
			};
			name = Release;
		};
		393627862CD8561500E1BAAA /* Debug */ = {
			isa = XCBuildConfiguration;
			buildSettings = {
				ALWAYS_SEARCH_USER_PATHS = NO;
				ASSETCATALOG_COMPILER_GENERATE_SWIFT_ASSET_SYMBOL_EXTENSIONS = YES;
				CLANG_ANALYZER_NONNULL = YES;
				CLANG_ANALYZER_NUMBER_OBJECT_CONVERSION = YES_AGGRESSIVE;
				CLANG_CXX_LANGUAGE_STANDARD = "gnu++20";
				CLANG_ENABLE_MODULES = YES;
				CLANG_ENABLE_OBJC_ARC = YES;
				CLANG_ENABLE_OBJC_WEAK = YES;
				CLANG_WARN_BLOCK_CAPTURE_AUTORELEASING = YES;
				CLANG_WARN_BOOL_CONVERSION = YES;
				CLANG_WARN_COMMA = YES;
				CLANG_WARN_CONSTANT_CONVERSION = YES;
				CLANG_WARN_DEPRECATED_OBJC_IMPLEMENTATIONS = YES;
				CLANG_WARN_DIRECT_OBJC_ISA_USAGE = YES_ERROR;
				CLANG_WARN_DOCUMENTATION_COMMENTS = YES;
				CLANG_WARN_EMPTY_BODY = YES;
				CLANG_WARN_ENUM_CONVERSION = YES;
				CLANG_WARN_INFINITE_RECURSION = YES;
				CLANG_WARN_INT_CONVERSION = YES;
				CLANG_WARN_NON_LITERAL_NULL_CONVERSION = YES;
				CLANG_WARN_OBJC_IMPLICIT_RETAIN_SELF = YES;
				CLANG_WARN_OBJC_LITERAL_CONVERSION = YES;
				CLANG_WARN_OBJC_ROOT_CLASS = YES_ERROR;
				CLANG_WARN_QUOTED_INCLUDE_IN_FRAMEWORK_HEADER = YES;
				CLANG_WARN_RANGE_LOOP_ANALYSIS = YES;
				CLANG_WARN_STRICT_PROTOTYPES = YES;
				CLANG_WARN_SUSPICIOUS_MOVE = YES;
				CLANG_WARN_UNGUARDED_AVAILABILITY = YES_AGGRESSIVE;
				CLANG_WARN_UNREACHABLE_CODE = YES;
				CLANG_WARN__DUPLICATE_METHOD_MATCH = YES;
				COPY_PHASE_STRIP = NO;
				DEBUG_INFORMATION_FORMAT = dwarf;
				ENABLE_STRICT_OBJC_MSGSEND = YES;
				ENABLE_TESTABILITY = YES;
				ENABLE_USER_SCRIPT_SANDBOXING = YES;
				GCC_C_LANGUAGE_STANDARD = gnu17;
				GCC_DYNAMIC_NO_PIC = NO;
				GCC_NO_COMMON_BLOCKS = YES;
				GCC_OPTIMIZATION_LEVEL = 0;
				GCC_PREPROCESSOR_DEFINITIONS = (
					"DEBUG=1",
					"$(inherited)",
				);
				GCC_WARN_64_TO_32_BIT_CONVERSION = YES;
				GCC_WARN_ABOUT_RETURN_TYPE = YES_ERROR;
				GCC_WARN_UNDECLARED_SELECTOR = YES;
				GCC_WARN_UNINITIALIZED_AUTOS = YES_AGGRESSIVE;
				GCC_WARN_UNUSED_FUNCTION = YES;
				GCC_WARN_UNUSED_VARIABLE = YES;
				IPHONEOS_DEPLOYMENT_TARGET = 18.1;
				LOCALIZATION_PREFERS_STRING_CATALOGS = YES;
				MTL_ENABLE_DEBUG_INFO = INCLUDE_SOURCE;
				MTL_FAST_MATH = YES;
				ONLY_ACTIVE_ARCH = YES;
				SDKROOT = iphoneos;
				SWIFT_ACTIVE_COMPILATION_CONDITIONS = "DEBUG $(inherited)";
				SWIFT_OPTIMIZATION_LEVEL = "-Onone";
			};
			name = Debug;
		};
		393627872CD8561500E1BAAA /* Release */ = {
			isa = XCBuildConfiguration;
			buildSettings = {
				ALWAYS_SEARCH_USER_PATHS = NO;
				ASSETCATALOG_COMPILER_GENERATE_SWIFT_ASSET_SYMBOL_EXTENSIONS = YES;
				CLANG_ANALYZER_NONNULL = YES;
				CLANG_ANALYZER_NUMBER_OBJECT_CONVERSION = YES_AGGRESSIVE;
				CLANG_CXX_LANGUAGE_STANDARD = "gnu++20";
				CLANG_ENABLE_MODULES = YES;
				CLANG_ENABLE_OBJC_ARC = YES;
				CLANG_ENABLE_OBJC_WEAK = YES;
				CLANG_WARN_BLOCK_CAPTURE_AUTORELEASING = YES;
				CLANG_WARN_BOOL_CONVERSION = YES;
				CLANG_WARN_COMMA = YES;
				CLANG_WARN_CONSTANT_CONVERSION = YES;
				CLANG_WARN_DEPRECATED_OBJC_IMPLEMENTATIONS = YES;
				CLANG_WARN_DIRECT_OBJC_ISA_USAGE = YES_ERROR;
				CLANG_WARN_DOCUMENTATION_COMMENTS = YES;
				CLANG_WARN_EMPTY_BODY = YES;
				CLANG_WARN_ENUM_CONVERSION = YES;
				CLANG_WARN_INFINITE_RECURSION = YES;
				CLANG_WARN_INT_CONVERSION = YES;
				CLANG_WARN_NON_LITERAL_NULL_CONVERSION = YES;
				CLANG_WARN_OBJC_IMPLICIT_RETAIN_SELF = YES;
				CLANG_WARN_OBJC_LITERAL_CONVERSION = YES;
				CLANG_WARN_OBJC_ROOT_CLASS = YES_ERROR;
				CLANG_WARN_QUOTED_INCLUDE_IN_FRAMEWORK_HEADER = YES;
				CLANG_WARN_RANGE_LOOP_ANALYSIS = YES;
				CLANG_WARN_STRICT_PROTOTYPES = YES;
				CLANG_WARN_SUSPICIOUS_MOVE = YES;
				CLANG_WARN_UNGUARDED_AVAILABILITY = YES_AGGRESSIVE;
				CLANG_WARN_UNREACHABLE_CODE = YES;
				CLANG_WARN__DUPLICATE_METHOD_MATCH = YES;
				COPY_PHASE_STRIP = NO;
				DEBUG_INFORMATION_FORMAT = "dwarf-with-dsym";
				ENABLE_NS_ASSERTIONS = NO;
				ENABLE_STRICT_OBJC_MSGSEND = YES;
				ENABLE_USER_SCRIPT_SANDBOXING = YES;
				GCC_C_LANGUAGE_STANDARD = gnu17;
				GCC_NO_COMMON_BLOCKS = YES;
				GCC_WARN_64_TO_32_BIT_CONVERSION = YES;
				GCC_WARN_ABOUT_RETURN_TYPE = YES_ERROR;
				GCC_WARN_UNDECLARED_SELECTOR = YES;
				GCC_WARN_UNINITIALIZED_AUTOS = YES_AGGRESSIVE;
				GCC_WARN_UNUSED_FUNCTION = YES;
				GCC_WARN_UNUSED_VARIABLE = YES;
				IPHONEOS_DEPLOYMENT_TARGET = 18.1;
				LOCALIZATION_PREFERS_STRING_CATALOGS = YES;
				MTL_ENABLE_DEBUG_INFO = NO;
				MTL_FAST_MATH = YES;
				SDKROOT = iphoneos;
				SWIFT_COMPILATION_MODE = wholemodule;
				VALIDATE_PRODUCT = YES;
			};
			name = Release;
		};
		393627892CD8561500E1BAAA /* Debug */ = {
			isa = XCBuildConfiguration;
			buildSettings = {
				BUNDLE_LOADER = "$(TEST_HOST)";
				CODE_SIGN_STYLE = Automatic;
				CURRENT_PROJECT_VERSION = 1;
				GENERATE_INFOPLIST_FILE = YES;
				IPHONEOS_DEPLOYMENT_TARGET = 18.1;
				MARKETING_VERSION = 1.0;
				PRODUCT_BUNDLE_IDENTIFIER = joshik.ToDoListTests;
				PRODUCT_NAME = "$(TARGET_NAME)";
				SWIFT_EMIT_LOC_STRINGS = NO;
				SWIFT_VERSION = 5.0;
				TARGETED_DEVICE_FAMILY = "1,2";
				TEST_HOST = "$(BUILT_PRODUCTS_DIR)/ToDoList.app/$(BUNDLE_EXECUTABLE_FOLDER_PATH)/ToDoList";
			};
			name = Debug;
		};
		3936278A2CD8561500E1BAAA /* Release */ = {
			isa = XCBuildConfiguration;
			buildSettings = {
				BUNDLE_LOADER = "$(TEST_HOST)";
				CODE_SIGN_STYLE = Automatic;
				CURRENT_PROJECT_VERSION = 1;
				GENERATE_INFOPLIST_FILE = YES;
				IPHONEOS_DEPLOYMENT_TARGET = 18.1;
				MARKETING_VERSION = 1.0;
				PRODUCT_BUNDLE_IDENTIFIER = joshik.ToDoListTests;
				PRODUCT_NAME = "$(TARGET_NAME)";
				SWIFT_EMIT_LOC_STRINGS = NO;
				SWIFT_VERSION = 5.0;
				TARGETED_DEVICE_FAMILY = "1,2";
				TEST_HOST = "$(BUILT_PRODUCTS_DIR)/ToDoList.app/$(BUNDLE_EXECUTABLE_FOLDER_PATH)/ToDoList";
			};
			name = Release;
		};
		3936278C2CD8561500E1BAAA /* Debug */ = {
			isa = XCBuildConfiguration;
			buildSettings = {
				CODE_SIGN_STYLE = Automatic;
				CURRENT_PROJECT_VERSION = 1;
				GENERATE_INFOPLIST_FILE = YES;
				MARKETING_VERSION = 1.0;
				PRODUCT_BUNDLE_IDENTIFIER = joshik.ToDoListUITests;
				PRODUCT_NAME = "$(TARGET_NAME)";
				SWIFT_EMIT_LOC_STRINGS = NO;
				SWIFT_VERSION = 5.0;
				TARGETED_DEVICE_FAMILY = "1,2";
				TEST_TARGET_NAME = ToDoList;
			};
			name = Debug;
		};
		3936278D2CD8561500E1BAAA /* Release */ = {
			isa = XCBuildConfiguration;
			buildSettings = {
				CODE_SIGN_STYLE = Automatic;
				CURRENT_PROJECT_VERSION = 1;
				GENERATE_INFOPLIST_FILE = YES;
				MARKETING_VERSION = 1.0;
				PRODUCT_BUNDLE_IDENTIFIER = joshik.ToDoListUITests;
				PRODUCT_NAME = "$(TARGET_NAME)";
				SWIFT_EMIT_LOC_STRINGS = NO;
				SWIFT_VERSION = 5.0;
				TARGETED_DEVICE_FAMILY = "1,2";
				TEST_TARGET_NAME = ToDoList;
			};
			name = Release;
		};
/* End XCBuildConfiguration section */

/* Begin XCConfigurationList section */
		393627552CD8561000E1BAAA /* Build configuration list for PBXProject "ToDoList" */ = {
			isa = XCConfigurationList;
			buildConfigurations = (
				393627862CD8561500E1BAAA /* Debug */,
				393627872CD8561500E1BAAA /* Release */,
			);
			defaultConfigurationIsVisible = 0;
			defaultConfigurationName = Release;
		};
		393627832CD8561500E1BAAA /* Build configuration list for PBXNativeTarget "ToDoList" */ = {
			isa = XCConfigurationList;
			buildConfigurations = (
				393627842CD8561500E1BAAA /* Debug */,
				393627852CD8561500E1BAAA /* Release */,
			);
			defaultConfigurationIsVisible = 0;
			defaultConfigurationName = Release;
		};
		393627882CD8561500E1BAAA /* Build configuration list for PBXNativeTarget "ToDoListTests" */ = {
			isa = XCConfigurationList;
			buildConfigurations = (
				393627892CD8561500E1BAAA /* Debug */,
				3936278A2CD8561500E1BAAA /* Release */,
			);
			defaultConfigurationIsVisible = 0;
			defaultConfigurationName = Release;
		};
		3936278B2CD8561500E1BAAA /* Build configuration list for PBXNativeTarget "ToDoListUITests" */ = {
			isa = XCConfigurationList;
			buildConfigurations = (
				3936278C2CD8561500E1BAAA /* Debug */,
				3936278D2CD8561500E1BAAA /* Release */,
			);
			defaultConfigurationIsVisible = 0;
			defaultConfigurationName = Release;
		};
/* End XCConfigurationList section */
	};
	rootObject = 393627522CD8561000E1BAAA /* Project object */;
}
